// !$*UTF8*$!
{
	archiveVersion = 1;
	classes = {
	};
	objectVersion = 48;
	objects = {

/* Begin PBXBuildFile section */
		2C8ACFAF2000D9D9007D28B3 /* main.c in Sources */ = {isa = PBXBuildFile; fileRef = 2C8ACFAE2000D9D9007D28B3 /* main.c */; };
		2C8ACFB72000DD03007D28B3 /* pgm.c in Sources */ = {isa = PBXBuildFile; fileRef = 2C8ACFB62000DD03007D28B3 /* pgm.c */; };
		2C8ACFBA2000E901007D28B3 /* statistics.c in Sources */ = {isa = PBXBuildFile; fileRef = 2C8ACFB92000E901007D28B3 /* statistics.c */; };
		2C8ACFC02000FB86007D28B3 /* seq_search.c in Sources */ = {isa = PBXBuildFile; fileRef = 2C8ACFBF2000FB86007D28B3 /* seq_search.c */; };
/* End PBXBuildFile section */

/* Begin PBXCopyFilesBuildPhase section */
		2C8ACFA92000D9D9007D28B3 /* CopyFiles */ = {
			isa = PBXCopyFilesBuildPhase;
			buildActionMask = 2147483647;
			dstPath = /usr/share/man/man1/;
			dstSubfolderSpec = 0;
			files = (
			);
			runOnlyForDeploymentPostprocessing = 1;
		};
/* End PBXCopyFilesBuildPhase section */

/* Begin PBXFileReference section */
		2C8ACFAB2000D9D9007D28B3 /* MAS_DZ2 */ = {isa = PBXFileReference; explicitFileType = "compiled.mach-o.executable"; includeInIndex = 0; path = MAS_DZ2; sourceTree = BUILT_PRODUCTS_DIR; };
		2C8ACFAE2000D9D9007D28B3 /* main.c */ = {isa = PBXFileReference; lastKnownFileType = sourcecode.c.c; path = main.c; sourceTree = "<group>"; };
		2C8ACFB52000DC80007D28B3 /* pgm.h */ = {isa = PBXFileReference; lastKnownFileType = sourcecode.c.h; path = pgm.h; sourceTree = "<group>"; };
		2C8ACFB62000DD03007D28B3 /* pgm.c */ = {isa = PBXFileReference; lastKnownFileType = sourcecode.c.c; path = pgm.c; sourceTree = "<group>"; };
		2C8ACFB82000E901007D28B3 /* statistics.h */ = {isa = PBXFileReference; lastKnownFileType = sourcecode.c.h; path = statistics.h; sourceTree = "<group>"; };
		2C8ACFB92000E901007D28B3 /* statistics.c */ = {isa = PBXFileReference; lastKnownFileType = sourcecode.c.c; path = statistics.c; sourceTree = "<group>"; };
		2C8ACFBE2000FB86007D28B3 /* seq_search.h */ = {isa = PBXFileReference; lastKnownFileType = sourcecode.c.h; path = seq_search.h; sourceTree = "<group>"; };
		2C8ACFBF2000FB86007D28B3 /* seq_search.c */ = {isa = PBXFileReference; lastKnownFileType = sourcecode.c.c; path = seq_search.c; sourceTree = "<group>"; };
/* End PBXFileReference section */

/* Begin PBXFrameworksBuildPhase section */
		2C8ACFA82000D9D9007D28B3 /* Frameworks */ = {
			isa = PBXFrameworksBuildPhase;
			buildActionMask = 2147483647;
			files = (
			);
			runOnlyForDeploymentPostprocessing = 0;
		};
/* End PBXFrameworksBuildPhase section */

/* Begin PBXGroup section */
		2C8ACFA22000D9D9007D28B3 = {
			isa = PBXGroup;
			children = (
				2C8ACFAD2000D9D9007D28B3 /* MAS_DZ2 */,
				2C8ACFAC2000D9D9007D28B3 /* Products */,
			);
			sourceTree = "<group>";
		};
		2C8ACFAC2000D9D9007D28B3 /* Products */ = {
			isa = PBXGroup;
			children = (
				2C8ACFAB2000D9D9007D28B3 /* MAS_DZ2 */,
			);
			name = Products;
			sourceTree = "<group>";
		};
		2C8ACFAD2000D9D9007D28B3 /* MAS_DZ2 */ = {
			isa = PBXGroup;
			children = (
				2C8ACFAE2000D9D9007D28B3 /* main.c */,
				2C8ACFB52000DC80007D28B3 /* pgm.h */,
				2C8ACFB62000DD03007D28B3 /* pgm.c */,
				2C8ACFB82000E901007D28B3 /* statistics.h */,
				2C8ACFB92000E901007D28B3 /* statistics.c */,
				2C8ACFBE2000FB86007D28B3 /* seq_search.h */,
				2C8ACFBF2000FB86007D28B3 /* seq_search.c */,
			);
			path = MAS_DZ2;
			sourceTree = "<group>";
		};
/* End PBXGroup section */

/* Begin PBXNativeTarget section */
		2C8ACFAA2000D9D9007D28B3 /* MAS_DZ2 */ = {
			isa = PBXNativeTarget;
			buildConfigurationList = 2C8ACFB22000D9D9007D28B3 /* Build configuration list for PBXNativeTarget "MAS_DZ2" */;
			buildPhases = (
				2C8ACFA72000D9D9007D28B3 /* Sources */,
				2C8ACFA82000D9D9007D28B3 /* Frameworks */,
				2C8ACFA92000D9D9007D28B3 /* CopyFiles */,
			);
			buildRules = (
			);
			dependencies = (
			);
			name = MAS_DZ2;
			productName = MAS_DZ2;
			productReference = 2C8ACFAB2000D9D9007D28B3 /* MAS_DZ2 */;
			productType = "com.apple.product-type.tool";
		};
/* End PBXNativeTarget section */

/* Begin PBXProject section */
		2C8ACFA32000D9D9007D28B3 /* Project object */ = {
			isa = PBXProject;
			attributes = {
				LastUpgradeCheck = 0920;
				ORGANIZATIONNAME = "Filip Gulan";
				TargetAttributes = {
					2C8ACFAA2000D9D9007D28B3 = {
						CreatedOnToolsVersion = 9.2;
						ProvisioningStyle = Automatic;
					};
				};
			};
			buildConfigurationList = 2C8ACFA62000D9D9007D28B3 /* Build configuration list for PBXProject "MAS_DZ2" */;
			compatibilityVersion = "Xcode 8.0";
			developmentRegion = en;
			hasScannedForEncodings = 0;
			knownRegions = (
				en,
			);
			mainGroup = 2C8ACFA22000D9D9007D28B3;
			productRefGroup = 2C8ACFAC2000D9D9007D28B3 /* Products */;
			projectDirPath = "";
			projectRoot = "";
			targets = (
				2C8ACFAA2000D9D9007D28B3 /* MAS_DZ2 */,
			);
		};
/* End PBXProject section */

/* Begin PBXSourcesBuildPhase section */
		2C8ACFA72000D9D9007D28B3 /* Sources */ = {
			isa = PBXSourcesBuildPhase;
			buildActionMask = 2147483647;
			files = (
				2C8ACFB72000DD03007D28B3 /* pgm.c in Sources */,
				2C8ACFAF2000D9D9007D28B3 /* main.c in Sources */,
				2C8ACFBA2000E901007D28B3 /* statistics.c in Sources */,
				2C8ACFC02000FB86007D28B3 /* seq_search.c in Sources */,
			);
			runOnlyForDeploymentPostprocessing = 0;
		};
/* End PBXSourcesBuildPhase section */

/* Begin XCBuildConfiguration section */
		2C8ACFB02000D9D9007D28B3 /* Debug */ = {
			isa = XCBuildConfiguration;
			buildSettings = {
				ALWAYS_SEARCH_USER_PATHS = NO;
				CLANG_ANALYZER_NONNULL = YES;
				CLANG_ANALYZER_NUMBER_OBJECT_CONVERSION = YES_AGGRESSIVE;
				CLANG_CXX_LANGUAGE_STANDARD = "gnu++14";
				CLANG_CXX_LIBRARY = "libc++";
				CLANG_ENABLE_MODULES = YES;
				CLANG_ENABLE_OBJC_ARC = YES;
				CLANG_WARN_BLOCK_CAPTURE_AUTORELEASING = YES;
				CLANG_WARN_BOOL_CONVERSION = YES;
				CLANG_WARN_COMMA = YES;
				CLANG_WARN_CONSTANT_CONVERSION = YES;
				CLANG_WARN_DIRECT_OBJC_ISA_USAGE = YES_ERROR;
				CLANG_WARN_DOCUMENTATION_COMMENTS = YES;
				CLANG_WARN_EMPTY_BODY = YES;
				CLANG_WARN_ENUM_CONVERSION = YES;
				CLANG_WARN_INFINITE_RECURSION = YES;
				CLANG_WARN_INT_CONVERSION = YES;
				CLANG_WARN_NON_LITERAL_NULL_CONVERSION = YES;
				CLANG_WARN_OBJC_LITERAL_CONVERSION = YES;
				CLANG_WARN_OBJC_ROOT_CLASS = YES_ERROR;
				CLANG_WARN_RANGE_LOOP_ANALYSIS = YES;
				CLANG_WARN_STRICT_PROTOTYPES = YES;
				CLANG_WARN_SUSPICIOUS_MOVE = YES;
				CLANG_WARN_UNGUARDED_AVAILABILITY = YES_AGGRESSIVE;
				CLANG_WARN_UNREACHABLE_CODE = YES;
				CLANG_WARN__DUPLICATE_METHOD_MATCH = YES;
				CODE_SIGN_IDENTITY = "Mac Developer";
				COPY_PHASE_STRIP = NO;
				DEBUG_INFORMATION_FORMAT = dwarf;
				ENABLE_STRICT_OBJC_MSGSEND = YES;
				ENABLE_TESTABILITY = YES;
				GCC_C_LANGUAGE_STANDARD = gnu11;
				GCC_DYNAMIC_NO_PIC = NO;
				GCC_NO_COMMON_BLOCKS = YES;
				GCC_OPTIMIZATION_LEVEL = 0;
				GCC_PREPROCESSOR_DEFINITIONS = (
					"DEBUG=1",
					"$(inherited)",
				);
				GCC_WARN_64_TO_32_BIT_CONVERSION = YES;
				GCC_WARN_ABOUT_RETURN_TYPE = YES_ERROR;
				GCC_WARN_UNDECLARED_SELECTOR = YES;
				GCC_WARN_UNINITIALIZED_AUTOS = YES_AGGRESSIVE;
				GCC_WARN_UNUSED_FUNCTION = YES;
				GCC_WARN_UNUSED_VARIABLE = YES;
				MACOSX_DEPLOYMENT_TARGET = 10.13;
				MTL_ENABLE_DEBUG_INFO = YES;
				ONLY_ACTIVE_ARCH = YES;
				SDKROOT = macosx;
			};
			name = Debug;
		};
		2C8ACFB12000D9D9007D28B3 /* Release */ = {
			isa = XCBuildConfiguration;
			buildSettings = {
				ALWAYS_SEARCH_USER_PATHS = NO;
				CLANG_ANALYZER_NONNULL = YES;
				CLANG_ANALYZER_NUMBER_OBJECT_CONVERSION = YES_AGGRESSIVE;
				CLANG_CXX_LANGUAGE_STANDARD = "gnu++14";
				CLANG_CXX_LIBRARY = "libc++";
				CLANG_ENABLE_MODULES = YES;
				CLANG_ENABLE_OBJC_ARC = YES;
				CLANG_WARN_BLOCK_CAPTURE_AUTORELEASING = YES;
				CLANG_WARN_BOOL_CONVERSION = YES;
				CLANG_WARN_COMMA = YES;
				CLANG_WARN_CONSTANT_CONVERSION = YES;
				CLANG_WARN_DIRECT_OBJC_ISA_USAGE = YES_ERROR;
				CLANG_WARN_DOCUMENTATION_COMMENTS = YES;
				CLANG_WARN_EMPTY_BODY = YES;
				CLANG_WARN_ENUM_CONVERSION = YES;
				CLANG_WARN_INFINITE_RECURSION = YES;
				CLANG_WARN_INT_CONVERSION = YES;
				CLANG_WARN_NON_LITERAL_NULL_CONVERSION = YES;
				CLANG_WARN_OBJC_LITERAL_CONVERSION = YES;
				CLANG_WARN_OBJC_ROOT_CLASS = YES_ERROR;
				CLANG_WARN_RANGE_LOOP_ANALYSIS = YES;
				CLANG_WARN_STRICT_PROTOTYPES = YES;
				CLANG_WARN_SUSPICIOUS_MOVE = YES;
				CLANG_WARN_UNGUARDED_AVAILABILITY = YES_AGGRESSIVE;
				CLANG_WARN_UNREACHABLE_CODE = YES;
				CLANG_WARN__DUPLICATE_METHOD_MATCH = YES;
				CODE_SIGN_IDENTITY = "Mac Developer";
				COPY_PHASE_STRIP = NO;
				DEBUG_INFORMATION_FORMAT = "dwarf-with-dsym";
				ENABLE_NS_ASSERTIONS = NO;
				ENABLE_STRICT_OBJC_MSGSEND = YES;
				GCC_C_LANGUAGE_STANDARD = gnu11;
				GCC_NO_COMMON_BLOCKS = YES;
				GCC_WARN_64_TO_32_BIT_CONVERSION = YES;
				GCC_WARN_ABOUT_RETURN_TYPE = YES_ERROR;
				GCC_WARN_UNDECLARED_SELECTOR = YES;
				GCC_WARN_UNINITIALIZED_AUTOS = YES_AGGRESSIVE;
				GCC_WARN_UNUSED_FUNCTION = YES;
				GCC_WARN_UNUSED_VARIABLE = YES;
				MACOSX_DEPLOYMENT_TARGET = 10.13;
				MTL_ENABLE_DEBUG_INFO = NO;
				SDKROOT = macosx;
			};
			name = Release;
		};
		2C8ACFB32000D9D9007D28B3 /* Debug */ = {
			isa = XCBuildConfiguration;
			buildSettings = {
				CODE_SIGN_STYLE = Automatic;
				DEVELOPMENT_TEAM = 5Z4ZV5Y576;
				PRODUCT_NAME = "$(TARGET_NAME)";
			};
			name = Debug;
		};
		2C8ACFB42000D9D9007D28B3 /* Release */ = {
			isa = XCBuildConfiguration;
			buildSettings = {
				CODE_SIGN_STYLE = Automatic;
				DEVELOPMENT_TEAM = 5Z4ZV5Y576;
				PRODUCT_NAME = "$(TARGET_NAME)";
			};
			name = Release;
		};
/* End XCBuildConfiguration section */

/* Begin XCConfigurationList section */
		2C8ACFA62000D9D9007D28B3 /* Build configuration list for PBXProject "MAS_DZ2" */ = {
			isa = XCConfigurationList;
			buildConfigurations = (
				2C8ACFB02000D9D9007D28B3 /* Debug */,
				2C8ACFB12000D9D9007D28B3 /* Release */,
			);
			defaultConfigurationIsVisible = 0;
			defaultConfigurationName = Release;
		};
		2C8ACFB22000D9D9007D28B3 /* Build configuration list for PBXNativeTarget "MAS_DZ2" */ = {
			isa = XCConfigurationList;
			buildConfigurations = (
				2C8ACFB32000D9D9007D28B3 /* Debug */,
				2C8ACFB42000D9D9007D28B3 /* Release */,
			);
			defaultConfigurationIsVisible = 0;
			defaultConfigurationName = Release;
		};
/* End XCConfigurationList section */
	};
	rootObject = 2C8ACFA32000D9D9007D28B3 /* Project object */;
}
